{
  "version": 4,
  "terraform_version": "1.0.10",
  "serial": 3,
  "lineage": "9815f8e2-c0d0-a87f-8c35-9a25dad9c762",
  "outputs": {},
  "resources": [
    {
      "mode": "managed",
      "type": "google_compute_instance",
      "name": "default",
      "provider": "provider[\"registry.terraform.io/hashicorp/google\"]",
      "instances": [
        {
          "schema_version": 6,
          "attributes": {
            "advanced_machine_features": [],
            "allow_stopping_for_update": null,
            "attached_disk": [],
            "boot_disk": [
              {
                "auto_delete": true,
                "device_name": "persistent-disk-0",
                "disk_encryption_key_raw": "",
                "disk_encryption_key_sha256": "",
                "initialize_params": [
                  {
                    "image": "https://www.googleapis.com/compute/v1/projects/debian-cloud/global/images/debian-10-buster-v20211028",
                    "labels": {},
                    "size": 10,
                    "type": "pd-standard"
                  }
                ],
                "kms_key_self_link": "",
                "mode": "READ_WRITE",
                "source": "https://www.googleapis.com/compute/v1/projects/woven-sensor-285306/zones/us-central1-a/disks/tf-instance-demo"
              }
            ],
            "can_ip_forward": false,
            "confidential_instance_config": [],
            "cpu_platform": "Intel Broadwell",
            "current_status": "RUNNING",
            "deletion_protection": false,
            "description": "",
            "desired_status": null,
            "enable_display": false,
            "guest_accelerator": [],
            "hostname": "",
            "id": "projects/woven-sensor-285306/zones/us-central1-a/instances/tf-instance-demo",
            "instance_id": "7647169143223678118",
            "label_fingerprint": "42WmSpB8rSM=",
            "labels": null,
            "machine_type": "e2-medium",
            "metadata": {
              "foo": "bar"
            },
            "metadata_fingerprint": "ZYQUFGkqt4s=",
            "metadata_startup_script": "apt-get update -y \u0026\u0026 apt-get install -y nginx",
            "min_cpu_platform": "",
            "name": "tf-instance-demo",
            "network_interface": [
              {
                "access_config": [
                  {
                    "nat_ip": "34.71.41.23",
                    "network_tier": "PREMIUM",
                    "public_ptr_domain_name": ""
                  }
                ],
                "alias_ip_range": [],
                "ipv6_access_config": [],
                "ipv6_access_type": "",
                "name": "nic0",
                "network": "https://www.googleapis.com/compute/v1/projects/woven-sensor-285306/global/networks/default",
                "network_ip": "10.128.0.8",
                "nic_type": "",
                "stack_type": "IPV4_ONLY",
                "subnetwork": "https://www.googleapis.com/compute/v1/projects/woven-sensor-285306/regions/us-central1/subnetworks/default",
                "subnetwork_project": "woven-sensor-285306"
              }
            ],
            "project": "woven-sensor-285306",
            "reservation_affinity": [],
            "resource_policies": null,
            "scheduling": [
              {
                "automatic_restart": true,
                "min_node_cpus": 0,
                "node_affinities": [],
                "on_host_maintenance": "MIGRATE",
                "preemptible": false
              }
            ],
            "scratch_disk": [],
            "self_link": "https://www.googleapis.com/compute/v1/projects/woven-sensor-285306/zones/us-central1-a/instances/tf-instance-demo",
            "service_account": [
              {
                "email": "demo-gce-sa@woven-sensor-285306.iam.gserviceaccount.com",
                "scopes": [
                  "https://www.googleapis.com/auth/cloud-platform"
                ]
              }
            ],
            "shielded_instance_config": [
              {
                "enable_integrity_monitoring": true,
                "enable_secure_boot": false,
                "enable_vtpm": true
              }
            ],
            "tags": [
              "http-server",
              "https-server"
            ],
            "tags_fingerprint": "6smc4R4d39I=",
            "timeouts": null,
            "zone": "us-central1-a"
          },
          "sensitive_attributes": [],
          "private": "eyJlMmJmYjczMC1lY2FhLTExZTYtOGY4OC0zNDM2M2JjN2M0YzAiOnsiY3JlYXRlIjoxMjAwMDAwMDAwMDAwLCJkZWxldGUiOjEyMDAwMDAwMDAwMDAsInVwZGF0ZSI6MTIwMDAwMDAwMDAwMH0sInNjaGVtYV92ZXJzaW9uIjoiNiJ9",
          "dependencies": [
            "google_service_account.default"
          ]
        }
      ]
    },
    {
      "mode": "managed",
      "type": "google_service_account",
      "name": "default",
      "provider": "provider[\"registry.terraform.io/hashicorp/google\"]",
      "instances": [
        {
          "schema_version": 0,
          "attributes": {
            "account_id": "demo-gce-sa",
            "description": "",
            "disabled": false,
            "display_name": "Service Account for Terraform Demo",
            "email": "demo-gce-sa@woven-sensor-285306.iam.gserviceaccount.com",
            "id": "projects/woven-sensor-285306/serviceAccounts/demo-gce-sa@woven-sensor-285306.iam.gserviceaccount.com",
            "name": "projects/woven-sensor-285306/serviceAccounts/demo-gce-sa@woven-sensor-285306.iam.gserviceaccount.com",
            "project": "woven-sensor-285306",
            "timeouts": null,
            "unique_id": "106146657295286949687"
          },
          "sensitive_attributes": [],
          "private": "eyJlMmJmYjczMC1lY2FhLTExZTYtOGY4OC0zNDM2M2JjN2M0YzAiOnsiY3JlYXRlIjozMDAwMDAwMDAwMDB9fQ=="
        }
      ]
    }
  ]
}
